// !$*UTF8*$!
{
	archiveVersion = 1;
	classes = {
	};
	objectVersion = 46;
	objects = {

/* Begin PBXBuildFile section */
		2190287D1E7A3004002D9733 /* main.m in Sources */ = {isa = PBXBuildFile; fileRef = 2190287C1E7A3004002D9733 /* main.m */; };
		219028801E7A3004002D9733 /* AppDelegate.m in Sources */ = {isa = PBXBuildFile; fileRef = 2190287F1E7A3004002D9733 /* AppDelegate.m */; };
		219028831E7A3004002D9733 /* FirstViewController.m in Sources */ = {isa = PBXBuildFile; fileRef = 219028821E7A3004002D9733 /* FirstViewController.m */; };
		219028861E7A3004002D9733 /* ScanCodeVC.m in Sources */ = {isa = PBXBuildFile; fileRef = 219028851E7A3004002D9733 /* ScanCodeVC.m */; };
		219028891E7A3004002D9733 /* Main.storyboard in Resources */ = {isa = PBXBuildFile; fileRef = 219028871E7A3004002D9733 /* Main.storyboard */; };
		2190288B1E7A3004002D9733 /* Assets.xcassets in Resources */ = {isa = PBXBuildFile; fileRef = 2190288A1E7A3004002D9733 /* Assets.xcassets */; };
		2190288E1E7A3004002D9733 /* LaunchScreen.storyboard in Resources */ = {isa = PBXBuildFile; fileRef = 2190288C1E7A3004002D9733 /* LaunchScreen.storyboard */; };
		219028971E7A3ABD002D9733 /* ThirdViewController.m in Sources */ = {isa = PBXBuildFile; fileRef = 219028961E7A3ABD002D9733 /* ThirdViewController.m */; };
		219028991E7A4978002D9733 /* WikitudeNativeSDK.framework in Frameworks */ = {isa = PBXBuildFile; fileRef = 219028981E7A4978002D9733 /* WikitudeNativeSDK.framework */; };
		2190289B1E7A499F002D9733 /* ZBarSDK in Resources */ = {isa = PBXBuildFile; fileRef = 2190289A1E7A499F002D9733 /* ZBarSDK */; };
/* End PBXBuildFile section */

/* Begin PBXFileReference section */
		219028781E7A3004002D9733 /* ScanCode.app */ = {isa = PBXFileReference; explicitFileType = wrapper.application; includeInIndex = 0; path = ScanCode.app; sourceTree = BUILT_PRODUCTS_DIR; };
		2190287C1E7A3004002D9733 /* main.m */ = {isa = PBXFileReference; lastKnownFileType = sourcecode.c.objc; path = main.m; sourceTree = "<group>"; };
		2190287E1E7A3004002D9733 /* AppDelegate.h */ = {isa = PBXFileReference; lastKnownFileType = sourcecode.c.h; path = AppDelegate.h; sourceTree = "<group>"; };
		2190287F1E7A3004002D9733 /* AppDelegate.m */ = {isa = PBXFileReference; lastKnownFileType = sourcecode.c.objc; path = AppDelegate.m; sourceTree = "<group>"; };
		219028811E7A3004002D9733 /* FirstViewController.h */ = {isa = PBXFileReference; lastKnownFileType = sourcecode.c.h; path = FirstViewController.h; sourceTree = "<group>"; };
		219028821E7A3004002D9733 /* FirstViewController.m */ = {isa = PBXFileReference; lastKnownFileType = sourcecode.c.objc; path = FirstViewController.m; sourceTree = "<group>"; };
		219028841E7A3004002D9733 /* ScanCodeVC.h */ = {isa = PBXFileReference; lastKnownFileType = sourcecode.c.h; path = ScanCodeVC.h; sourceTree = "<group>"; };
		219028851E7A3004002D9733 /* ScanCodeVC.m */ = {isa = PBXFileReference; lastKnownFileType = sourcecode.c.objc; path = ScanCodeVC.m; sourceTree = "<group>"; };
		219028881E7A3004002D9733 /* Base */ = {isa = PBXFileReference; lastKnownFileType = file.storyboard; name = Base; path = Base.lproj/Main.storyboard; sourceTree = "<group>"; };
		2190288A1E7A3004002D9733 /* Assets.xcassets */ = {isa = PBXFileReference; lastKnownFileType = folder.assetcatalog; path = Assets.xcassets; sourceTree = "<group>"; };
		2190288D1E7A3004002D9733 /* Base */ = {isa = PBXFileReference; lastKnownFileType = file.storyboard; name = Base; path = Base.lproj/LaunchScreen.storyboard; sourceTree = "<group>"; };
		2190288F1E7A3004002D9733 /* Info.plist */ = {isa = PBXFileReference; lastKnownFileType = text.plist.xml; path = Info.plist; sourceTree = "<group>"; };
		219028951E7A3ABD002D9733 /* ThirdViewController.h */ = {isa = PBXFileReference; fileEncoding = 4; lastKnownFileType = sourcecode.c.h; path = ThirdViewController.h; sourceTree = "<group>"; };
		219028961E7A3ABD002D9733 /* ThirdViewController.m */ = {isa = PBXFileReference; fileEncoding = 4; lastKnownFileType = sourcecode.c.objc; path = ThirdViewController.m; sourceTree = "<group>"; };
		219028981E7A4978002D9733 /* WikitudeNativeSDK.framework */ = {isa = PBXFileReference; lastKnownFileType = wrapper.framework; path = WikitudeNativeSDK.framework; sourceTree = "<group>"; };
		2190289A1E7A499F002D9733 /* ZBarSDK */ = {isa = PBXFileReference; lastKnownFileType = folder; path = ZBarSDK; sourceTree = "<group>"; };
/* End PBXFileReference section */

/* Begin PBXFrameworksBuildPhase section */
		219028751E7A3004002D9733 /* Frameworks */ = {
			isa = PBXFrameworksBuildPhase;
			buildActionMask = 2147483647;
			files = (
				219028991E7A4978002D9733 /* WikitudeNativeSDK.framework in Frameworks */,
			);
			runOnlyForDeploymentPostprocessing = 0;
		};
/* End PBXFrameworksBuildPhase section */

/* Begin PBXGroup section */
		2190286F1E7A3004002D9733 = {
			isa = PBXGroup;
			children = (
				2190287A1E7A3004002D9733 /* ScanCode */,
				219028791E7A3004002D9733 /* Products */,
			);
			sourceTree = "<group>";
		};
		219028791E7A3004002D9733 /* Products */ = {
			isa = PBXGroup;
			children = (
				219028781E7A3004002D9733 /* ScanCode.app */,
			);
			name = Products;
			sourceTree = "<group>";
		};
		2190287A1E7A3004002D9733 /* ScanCode */ = {
			isa = PBXGroup;
			children = (
				2190289A1E7A499F002D9733 /* ZBarSDK */,
				219028981E7A4978002D9733 /* WikitudeNativeSDK.framework */,
				2190287E1E7A3004002D9733 /* AppDelegate.h */,
				2190287F1E7A3004002D9733 /* AppDelegate.m */,
				219028811E7A3004002D9733 /* FirstViewController.h */,
				219028821E7A3004002D9733 /* FirstViewController.m */,
				219028841E7A3004002D9733 /* ScanCodeVC.h */,
				219028851E7A3004002D9733 /* ScanCodeVC.m */,
				219028951E7A3ABD002D9733 /* ThirdViewController.h */,
				219028961E7A3ABD002D9733 /* ThirdViewController.m */,
				219028871E7A3004002D9733 /* Main.storyboard */,
				2190288A1E7A3004002D9733 /* Assets.xcassets */,
				2190288C1E7A3004002D9733 /* LaunchScreen.storyboard */,
				2190288F1E7A3004002D9733 /* Info.plist */,
				2190287B1E7A3004002D9733 /* Supporting Files */,
			);
			path = ScanCode;
			sourceTree = "<group>";
		};
		2190287B1E7A3004002D9733 /* Supporting Files */ = {
			isa = PBXGroup;
			children = (
				2190287C1E7A3004002D9733 /* main.m */,
			);
			name = "Supporting Files";
			sourceTree = "<group>";
		};
/* End PBXGroup section */

/* Begin PBXNativeTarget section */
		219028771E7A3004002D9733 /* ScanCode */ = {
			isa = PBXNativeTarget;
			buildConfigurationList = 219028921E7A3004002D9733 /* Build configuration list for PBXNativeTarget "ScanCode" */;
			buildPhases = (
				219028741E7A3004002D9733 /* Sources */,
				219028751E7A3004002D9733 /* Frameworks */,
				219028761E7A3004002D9733 /* Resources */,
			);
			buildRules = (
			);
			dependencies = (
			);
			name = ScanCode;
			productName = ScanCode;
			productReference = 219028781E7A3004002D9733 /* ScanCode.app */;
			productType = "com.apple.product-type.application";
		};
/* End PBXNativeTarget section */

/* Begin PBXProject section */
		219028701E7A3004002D9733 /* Project object */ = {
			isa = PBXProject;
			attributes = {
				LastUpgradeCheck = 0820;
				ORGANIZATIONNAME = "Toni Fang";
				TargetAttributes = {
					219028771E7A3004002D9733 = {
						CreatedOnToolsVersion = 8.2.1;
						DevelopmentTeam = AP2P93Q7TN;
						ProvisioningStyle = Automatic;
					};
				};
			};
			buildConfigurationList = 219028731E7A3004002D9733 /* Build configuration list for PBXProject "ScanCode" */;
			compatibilityVersion = "Xcode 3.2";
			developmentRegion = English;
			hasScannedForEncodings = 0;
			knownRegions = (
				en,
				Base,
			);
			mainGroup = 2190286F1E7A3004002D9733;
			productRefGroup = 219028791E7A3004002D9733 /* Products */;
			projectDirPath = "";
			projectRoot = "";
			targets = (
				219028771E7A3004002D9733 /* ScanCode */,
			);
		};
/* End PBXProject section */

/* Begin PBXResourcesBuildPhase section */
		219028761E7A3004002D9733 /* Resources */ = {
			isa = PBXResourcesBuildPhase;
			buildActionMask = 2147483647;
			files = (
				2190289B1E7A499F002D9733 /* ZBarSDK in Resources */,
				2190288E1E7A3004002D9733 /* LaunchScreen.storyboard in Resources */,
				2190288B1E7A3004002D9733 /* Assets.xcassets in Resources */,
				219028891E7A3004002D9733 /* Main.storyboard in Resources */,
			);
			runOnlyForDeploymentPostprocessing = 0;
		};
/* End PBXResourcesBuildPhase section */

/* Begin PBXSourcesBuildPhase section */
		219028741E7A3004002D9733 /* Sources */ = {
			isa = PBXSourcesBuildPhase;
			buildActionMask = 2147483647;
			files = (
				219028861E7A3004002D9733 /* ScanCodeVC.m in Sources */,
				219028971E7A3ABD002D9733 /* ThirdViewController.m in Sources */,
				219028801E7A3004002D9733 /* AppDelegate.m in Sources */,
				219028831E7A3004002D9733 /* FirstViewController.m in Sources */,
				2190287D1E7A3004002D9733 /* main.m in Sources */,
			);
			runOnlyForDeploymentPostprocessing = 0;
		};
/* End PBXSourcesBuildPhase section */

/* Begin PBXVariantGroup section */
		219028871E7A3004002D9733 /* Main.storyboard */ = {
			isa = PBXVariantGroup;
			children = (
				219028881E7A3004002D9733 /* Base */,
			);
			name = Main.storyboard;
			sourceTree = "<group>";
		};
		2190288C1E7A3004002D9733 /* LaunchScreen.storyboard */ = {
			isa = PBXVariantGroup;
			children = (
				2190288D1E7A3004002D9733 /* Base */,
			);
			name = LaunchScreen.storyboard;
			sourceTree = "<group>";
		};
/* End PBXVariantGroup section */

/* Begin XCBuildConfiguration section */
		219028901E7A3004002D9733 /* Debug */ = {
			isa = XCBuildConfiguration;
			buildSettings = {
				ALWAYS_SEARCH_USER_PATHS = NO;
				CLANG_ANALYZER_NONNULL = YES;
				CLANG_CXX_LANGUAGE_STANDARD = "gnu++0x";
				CLANG_CXX_LIBRARY = "libc++";
				CLANG_ENABLE_MODULES = YES;
				CLANG_ENABLE_OBJC_ARC = YES;
				CLANG_WARN_BOOL_CONVERSION = YES;
				CLANG_WARN_CONSTANT_CONVERSION = YES;
				CLANG_WARN_DIRECT_OBJC_ISA_USAGE = YES_ERROR;
				CLANG_WARN_DOCUMENTATION_COMMENTS = YES;
				CLANG_WARN_EMPTY_BODY = YES;
				CLANG_WARN_ENUM_CONVERSION = YES;
				CLANG_WARN_INFINITE_RECURSION = YES;
				CLANG_WARN_INT_CONVERSION = YES;
				CLANG_WARN_OBJC_ROOT_CLASS = YES_ERROR;
				CLANG_WARN_SUSPICIOUS_MOVE = YES;
				CLANG_WARN_UNREACHABLE_CODE = YES;
				CLANG_WARN__DUPLICATE_METHOD_MATCH = YES;
				"CODE_SIGN_IDENTITY[sdk=iphoneos*]" = "iPhone Developer";
				COPY_PHASE_STRIP = NO;
				DEBUG_INFORMATION_FORMAT = dwarf;
				ENABLE_STRICT_OBJC_MSGSEND = YES;
				ENABLE_TESTABILITY = YES;
				GCC_C_LANGUAGE_STANDARD = gnu99;
				GCC_DYNAMIC_NO_PIC = NO;
				GCC_NO_COMMON_BLOCKS = YES;
				GCC_OPTIMIZATION_LEVEL = 0;
				GCC_PREPROCESSOR_DEFINITIONS = (
					"DEBUG=1",
					"$(inherited)",
				);
				GCC_WARN_64_TO_32_BIT_CONVERSION = YES;
				GCC_WARN_ABOUT_RETURN_TYPE = YES_ERROR;
				GCC_WARN_UNDECLARED_SELECTOR = YES;
				GCC_WARN_UNINITIALIZED_AUTOS = YES_AGGRESSIVE;
				GCC_WARN_UNUSED_FUNCTION = YES;
				GCC_WARN_UNUSED_VARIABLE = YES;
				IPHONEOS_DEPLOYMENT_TARGET = 10.2;
				MTL_ENABLE_DEBUG_INFO = YES;
				ONLY_ACTIVE_ARCH = YES;
				SDKROOT = iphoneos;
			};
			name = Debug;
		};
		219028911E7A3004002D9733 /* Release */ = {
			isa = XCBuildConfiguration;
			buildSettings = {
				ALWAYS_SEARCH_USER_PATHS = NO;
				CLANG_ANALYZER_NONNULL = YES;
				CLANG_CXX_LANGUAGE_STANDARD = "gnu++0x";
				CLANG_CXX_LIBRARY = "libc++";
				CLANG_ENABLE_MODULES = YES;
				CLANG_ENABLE_OBJC_ARC = YES;
				CLANG_WARN_BOOL_CONVERSION = YES;
				CLANG_WARN_CONSTANT_CONVERSION = YES;
				CLANG_WARN_DIRECT_OBJC_ISA_USAGE = YES_ERROR;
				CLANG_WARN_DOCUMENTATION_COMMENTS = YES;
				CLANG_WARN_EMPTY_BODY = YES;
				CLANG_WARN_ENUM_CONVERSION = YES;
				CLANG_WARN_INFINITE_RECURSION = YES;
				CLANG_WARN_INT_CONVERSION = YES;
				CLANG_WARN_OBJC_ROOT_CLASS = YES_ERROR;
				CLANG_WARN_SUSPICIOUS_MOVE = YES;
				CLANG_WARN_UNREACHABLE_CODE = YES;
				CLANG_WARN__DUPLICATE_METHOD_MATCH = YES;
				"CODE_SIGN_IDENTITY[sdk=iphoneos*]" = "iPhone Developer";
				COPY_PHASE_STRIP = NO;
				DEBUG_INFORMATION_FORMAT = "dwarf-with-dsym";
				ENABLE_NS_ASSERTIONS = NO;
				ENABLE_STRICT_OBJC_MSGSEND = YES;
				GCC_C_LANGUAGE_STANDARD = gnu99;
				GCC_NO_COMMON_BLOCKS = YES;
				GCC_WARN_64_TO_32_BIT_CONVERSION = YES;
				GCC_WARN_ABOUT_RETURN_TYPE = YES_ERROR;
				GCC_WARN_UNDECLARED_SELECTOR = YES;
				GCC_WARN_UNINITIALIZED_AUTOS = YES_AGGRESSIVE;
				GCC_WARN_UNUSED_FUNCTION = YES;
				GCC_WARN_UNUSED_VARIABLE = YES;
				IPHONEOS_DEPLOYMENT_TARGET = 10.2;
				MTL_ENABLE_DEBUG_INFO = NO;
				SDKROOT = iphoneos;
				VALIDATE_PRODUCT = YES;
			};
			name = Release;
		};
		219028931E7A3004002D9733 /* Debug */ = {
			isa = XCBuildConfiguration;
			buildSettings = {
				ASSETCATALOG_COMPILER_APPICON_NAME = AppIcon;
				DEVELOPMENT_TEAM = AP2P93Q7TN;
				FRAMEWORK_SEARCH_PATHS = (
					"$(inherited)",
					"$(PROJECT_DIR)/ScanCode",
				);
				INFOPLIST_FILE = ScanCode/Info.plist;
				LD_RUNPATH_SEARCH_PATHS = "$(inherited) @executable_path/Frameworks";
				PRODUCT_BUNDLE_IDENTIFIER = com.tonifang.ScanCode;
				PRODUCT_NAME = "$(TARGET_NAME)";
			};
			name = Debug;
		};
		219028941E7A3004002D9733 /* Release */ = {
			isa = XCBuildConfiguration;
			buildSettings = {
				ASSETCATALOG_COMPILER_APPICON_NAME = AppIcon;
				DEVELOPMENT_TEAM = AP2P93Q7TN;
				FRAMEWORK_SEARCH_PATHS = (
					"$(inherited)",
					"$(PROJECT_DIR)/ScanCode",
				);
				INFOPLIST_FILE = ScanCode/Info.plist;
				LD_RUNPATH_SEARCH_PATHS = "$(inherited) @executable_path/Frameworks";
				PRODUCT_BUNDLE_IDENTIFIER = com.tonifang.ScanCode;
				PRODUCT_NAME = "$(TARGET_NAME)";
			};
			name = Release;
		};
/* End XCBuildConfiguration section */

/* Begin XCConfigurationList section */
		219028731E7A3004002D9733 /* Build configuration list for PBXProject "ScanCode" */ = {
			isa = XCConfigurationList;
			buildConfigurations = (
				219028901E7A3004002D9733 /* Debug */,
				219028911E7A3004002D9733 /* Release */,
			);
			defaultConfigurationIsVisible = 0;
			defaultConfigurationName = Release;
		};
		219028921E7A3004002D9733 /* Build configuration list for PBXNativeTarget "ScanCode" */ = {
			isa = XCConfigurationList;
			buildConfigurations = (
				219028931E7A3004002D9733 /* Debug */,
				219028941E7A3004002D9733 /* Release */,
			);
			defaultConfigurationIsVisible = 0;
		};
/* End XCConfigurationList section */
	};
	rootObject = 219028701E7A3004002D9733 /* Project object */;
}
